
Microsoft Visual Studio Solution File, Format Version 12.00
# Visual Studio Version 17
VisualStudioVersion = 17.6.33815.320
MinimumVisualStudioVersion = 10.0.40219.1
Project("{FAE04EC0-301F-11D3-BF4B-00C04F79EFBC}") = "WebChatApp", "WebChatApp.csproj", "{6247C71D-B746-48CA-8D72-31897577DD50}"
EndProject
Global
	GlobalSection(SolutionConfigurationPlatforms) = preSolution
		Debug|Any CPU = Debug|Any CPU
		Release|Any CPU = Release|Any CPU
	EndGlobalSection
	GlobalSection(ProjectConfigurationPlatforms) = postSolution
		{6247C71D-B746-48CA-8D72-31897577DD50}.Debug|Any CPU.ActiveCfg = Debug|Any CPU
		{6247C71D-B746-48CA-8D72-31897577DD50}.Debug|Any CPU.Build.0 = Debug|Any CPU
		{6247C71D-B746-48CA-8D72-31897577DD50}.Release|Any CPU.ActiveCfg = Release|Any CPU
		{6247C71D-B746-48CA-8D72-31897577DD50}.Release|Any CPU.Build.0 = Release|Any CPU
	EndGlobalSection
	GlobalSection(SolutionProperties) = preSolution
		HideSolutionNode = FALSE
	EndGlobalSection
	GlobalSection(ExtensibilityGlobals) = postSolution
		SolutionGuid = {300223E4-FC54-48CD-9ED0-BA1C7FD3CB4A}
	EndGlobalSection
EndGlobal
